<?xml version="1.0" encoding="utf-8"?>
<Project ToolsVersion="4.0" xmlns="http://schemas.microsoft.com/developer/msbuild/2003">
  <ItemGroup>
    <Filter Include="Library">
      <UniqueIdentifier>{d5173dcf-2786-4f98-bd55-d03549637dfe}</UniqueIdentifier>
    </Filter>
    <Filter Include="Src">
      <UniqueIdentifier>{80d0a5a9-6779-4863-bede-cc22a4986dc5}</UniqueIdentifier>
    </Filter>
    <Filter Include="Src\Framework">
      <UniqueIdentifier>{f5928314-3ee2-4e39-abfa-d93aa9ee5891}</UniqueIdentifier>
    </Filter>
    <Filter Include="Src\Framework\Direct3D">
      <UniqueIdentifier>{f193abd5-e51c-466e-a937-722bc9175e9a}</UniqueIdentifier>
    </Filter>
    <Filter Include="Src\Framework\Utility">
      <UniqueIdentifier>{f5d733b1-5031-4659-a9d4-0dd3add1e5fb}</UniqueIdentifier>
    </Filter>
    <Filter Include="Src\Framework\Window">
      <UniqueIdentifier>{cb022f2a-c5a2-449b-9b70-5110aff8550f}</UniqueIdentifier>
    </Filter>
    <Filter Include="Library\tinygltf">
      <UniqueIdentifier>{307bfbcd-124f-4ad7-85f5-3fd94f814b1f}</UniqueIdentifier>
    </Filter>
    <Filter Include="Src\Framework\Shader">
      <UniqueIdentifier>{93543c0c-58fe-4a94-8279-7be3021b65b1}</UniqueIdentifier>
    </Filter>
    <Filter Include="Src\Framework\Shader\SpriteShader">
      <UniqueIdentifier>{2da4d471-f4e8-4b2d-bdef-b93f91523b8b}</UniqueIdentifier>
    </Filter>
    <Filter Include="Src\Application">
      <UniqueIdentifier>{d0d0f9cf-dabd-4346-bc9a-d9c04cf42372}</UniqueIdentifier>
    </Filter>
    <Filter Include="Src\Framework\Math">
      <UniqueIdentifier>{04f33e76-24f0-4a58-9355-5770b3f6f9c6}</UniqueIdentifier>
    </Filter>
    <Filter Include="Src\Framework\Audio">
      <UniqueIdentifier>{2a0de30f-d7e8-4517-a9a1-20de6e434592}</UniqueIdentifier>
    </Filter>
    <Filter Include="Src\Framework\Shader\PostProcessShader">
      <UniqueIdentifier>{bfef98c3-f0b2-41b1-b813-6f298072287b}</UniqueIdentifier>
    </Filter>
    <Filter Include="Src\Framework\GameObject">
      <UniqueIdentifier>{d45ba257-913b-44e3-a012-888d7b6f2b68}</UniqueIdentifier>
    </Filter>
    <Filter Include="Src\Framework\Input">
      <UniqueIdentifier>{9bd33b87-53db-4bc0-b98d-80db98f4ba9b}</UniqueIdentifier>
    </Filter>
    <Filter Include="Src\Framework\Direct3D\Polygon">
      <UniqueIdentifier>{b91bce2d-4487-485a-a855-b2bb6ce0d30b}</UniqueIdentifier>
    </Filter>
    <Filter Include="Src\Framework\Shader\StandardShader">
      <UniqueIdentifier>{857913be-4481-4606-9719-87518d4a6aeb}</UniqueIdentifier>
    </Filter>
    <Filter Include="Src\Framework\Effekseer">
      <UniqueIdentifier>{c81b93e4-2f33-496a-985e-98658f1cec51}</UniqueIdentifier>
    </Filter>
    <Filter Include="Src\Application\Scene">
      <UniqueIdentifier>{da9235ec-08f1-4792-b71d-c58634fffb0f}</UniqueIdentifier>
    </Filter>
    <Filter Include="Src\Application\Scene\BaseScene">
      <UniqueIdentifier>{4a92479c-59c1-425c-bddf-335a143a7dd6}</UniqueIdentifier>
    </Filter>
    <Filter Include="Src\Application\Scene\TitleScene">
      <UniqueIdentifier>{d7ac0f8a-d355-4bcf-8801-9f5c06ab1e33}</UniqueIdentifier>
    </Filter>
    <Filter Include="Src\Application\Scene\GameScene">
      <UniqueIdentifier>{15b4a73e-7369-4959-bb49-4b163a24b7b5}</UniqueIdentifier>
    </Filter>
    <Filter Include="Library\imgui">
      <UniqueIdentifier>{4a041644-8c5d-42b5-9683-f28b8c790f4f}</UniqueIdentifier>
    </Filter>
    <Filter Include="Src\Application\GameObject">
      <UniqueIdentifier>{c8eeed44-235a-4eda-9689-532350b60789}</UniqueIdentifier>
    </Filter>
    <Filter Include="Src\Application\GameObject\Camera">
      <UniqueIdentifier>{781882e7-a4ba-44ae-b14e-75844a3802df}</UniqueIdentifier>
    </Filter>
    <Filter Include="Src\Application\GameObject\Camera\FPSCamera">
      <UniqueIdentifier>{cab66d5f-b9d3-40bd-ae9d-57120eb6c79c}</UniqueIdentifier>
    </Filter>
    <Filter Include="Src\Application\GameObject\Camera\TPSCamera">
      <UniqueIdentifier>{c8cf7720-4d00-4c0b-a1cf-bc64280b295f}</UniqueIdentifier>
    </Filter>
    <Filter Include="Src\Application\GameObject\Character">
      <UniqueIdentifier>{8cf5d5fe-92af-4d56-86e9-2b7fc8a23788}</UniqueIdentifier>
    </Filter>
    <Filter Include="Src\Application\GameObject\Terrain">
      <UniqueIdentifier>{708cd46d-37e0-4430-8a29-e02fe2512348}</UniqueIdentifier>
    </Filter>
    <Filter Include="Src\Application\GameObject\Camera\CCTVCamera">
      <UniqueIdentifier>{37bed005-b125-4c81-b34a-83b8d519a6f4}</UniqueIdentifier>
    </Filter>
    <Filter Include="Src\Application\GameObject\Dice">
      <UniqueIdentifier>{905f1ec6-d799-46b4-b39d-91a294ae9928}</UniqueIdentifier>
    </Filter>
    <Filter Include="Src\Application\GameObject\Dice\BlueDice">
      <UniqueIdentifier>{10eec4d4-7d4c-4845-a47d-4f9698d5818e}</UniqueIdentifier>
    </Filter>
    <Filter Include="Src\Application\GameObject\Dice\RedDice">
      <UniqueIdentifier>{0415820d-693b-4958-9744-f1c870141a50}</UniqueIdentifier>
    </Filter>
    <Filter Include="Src\Application\GameObject\Cutin">
      <UniqueIdentifier>{8c5f6a65-e013-4edc-b4e3-272ddd9de60d}</UniqueIdentifier>
    </Filter>
    <Filter Include="Src\Application\AssetRepository">
      <UniqueIdentifier>{9d201526-96a9-48ce-ae8c-a39c107e2705}</UniqueIdentifier>
    </Filter>
    <Filter Include="Src\Application\GameObject\Camera\FreeCamera">
      <UniqueIdentifier>{7df4f555-e09a-4a2d-bf1b-350dfbe4531e}</UniqueIdentifier>
    </Filter>
    <Filter Include="Src\Application\Scene\MapScene">
      <UniqueIdentifier>{d82ee2b7-d11f-445c-8930-93ecc05b4b84}</UniqueIdentifier>
    </Filter>
    <Filter Include="Src\Application\Scene\DiceScene">
      <UniqueIdentifier>{52ce9251-83f6-47c2-ae29-7048aed443f0}</UniqueIdentifier>
    </Filter>
    <Filter Include="Src\Application\GameObject\Dice\DiceBase">
      <UniqueIdentifier>{7a5e87a7-d3ff-496b-b38c-cc4f5e49bbe6}</UniqueIdentifier>
    </Filter>
    <Filter Include="Src\Application\GameObject\Gimmick">
      <UniqueIdentifier>{a94881d0-e740-408d-8d5c-c54594c3364d}</UniqueIdentifier>
    </Filter>
    <Filter Include="Src\Application\GameObject\Gimmick\Nidle">
      <UniqueIdentifier>{266b8e94-749f-4e12-bb65-eac9b1436e66}</UniqueIdentifier>
    </Filter>
    <Filter Include="Src\Application\GameObject\Gimmick\BaseGimmick">
      <UniqueIdentifier>{7f98d58d-bdff-49f7-af86-83ea07219a4e}</UniqueIdentifier>
    </Filter>
    <Filter Include="Src\Application\GameObject\Gimmick\Relief">
      <UniqueIdentifier>{72cdfefc-05ff-4b92-961f-7c63743bd2da}</UniqueIdentifier>
    </Filter>
    <Filter Include="Src\Application\GameObject\Information">
      <UniqueIdentifier>{e4ce502d-d848-4bb7-8e0c-58f45690b093}</UniqueIdentifier>
    </Filter>
    <Filter Include="Src\Application\Scene\GimmickScene">
      <UniqueIdentifier>{b6cc0bd2-94e3-4052-a3d2-54c6e5778f1e}</UniqueIdentifier>
    </Filter>
    <Filter Include="Src\Application\GameObject\Enemy">
      <UniqueIdentifier>{4ae77215-4bfa-4913-91aa-246ff1bd3ea8}</UniqueIdentifier>
    </Filter>
    <Filter Include="Src\Application\GameObject\Enemy\Megaro">
      <UniqueIdentifier>{c51e999f-a8ad-4926-a6a1-973b024e0cd4}</UniqueIdentifier>
    </Filter>
    <Filter Include="Src\Application\GameObject\Enemy\Cal">
      <UniqueIdentifier>{c6de94eb-4e8c-4cbc-8fbf-b58af31f148b}</UniqueIdentifier>
    </Filter>
    <Filter Include="Src\Application\GameObject\Texture">
      <UniqueIdentifier>{35f57e2a-6caa-4e94-b812-7b34b2455c68}</UniqueIdentifier>
    </Filter>
    <Filter Include="Src\Application\Scene\NoiseScene">
      <UniqueIdentifier>{2e0d66aa-a9b7-4b59-a383-e4a62fabba0c}</UniqueIdentifier>
    </Filter>
    <Filter Include="Src\Application\GameObject\Weapon">
      <UniqueIdentifier>{99a17dfd-8fee-4dab-ab56-bae1ba45600e}</UniqueIdentifier>
    </Filter>
    <Filter Include="Src\Application\GameObject\Weapon\Axe">
      <UniqueIdentifier>{dd28cf0d-f217-4c49-9cad-d431c26c0a20}</UniqueIdentifier>
    </Filter>
    <Filter Include="Src\Application\GameObject\Weapon\WeaponBase">
      <UniqueIdentifier>{fca6c9a7-dff9-41c2-ad62-1f8e7a6245b9}</UniqueIdentifier>
    </Filter>
    <Filter Include="Src\Application\GameObject\Character\Player">
      <UniqueIdentifier>{27304013-c0f2-494e-8843-a1b66df75fbd}</UniqueIdentifier>
    </Filter>
    <Filter Include="Src\Application\GameObject\Character\CharacterBase">
      <UniqueIdentifier>{0a44e9b0-7685-4599-823a-c9dc78fc13be}</UniqueIdentifier>
    </Filter>
    <Filter Include="Src\Application\GameObject\Gimmick\FallPillar">
      <UniqueIdentifier>{a59decca-0610-4e80-b1e0-835b0c2764ad}</UniqueIdentifier>
    </Filter>
    <Filter Include="Src\Application\GameObject\Gimmick\RotateBridge">
      <UniqueIdentifier>{a1888554-bedb-4d8a-9b6c-a2121a585578}</UniqueIdentifier>
    </Filter>
    <Filter Include="Src\Application\GameObject\Gimmick\Wall">
      <UniqueIdentifier>{bf1ae9c1-0307-4f42-bba5-5f43082dd082}</UniqueIdentifier>
    </Filter>
    <Filter Include="Src\Application\GameObject\Gimmick\BreakWall">
      <UniqueIdentifier>{2adf7970-1e9b-4069-b569-8526f20247db}</UniqueIdentifier>
    </Filter>
    <Filter Include="Src\Application\GameObject\Gimmick\ArrowBox">
      <UniqueIdentifier>{2fdf15b5-6b69-460b-971d-52c84951ac7c}</UniqueIdentifier>
    </Filter>
    <Filter Include="Src\Application\GameObject\Weapon\Arrow">
      <UniqueIdentifier>{e2e6fb2f-28ca-40a3-b2e2-cfe3859282ea}</UniqueIdentifier>
    </Filter>
    <Filter Include="Src\Application\GameObject\Gimmick\PitFall">
      <UniqueIdentifier>{6896c450-6abd-4224-aa8a-98c661ffefc1}</UniqueIdentifier>
    </Filter>
    <Filter Include="Src\Application\GameObject\Camera\TrackingCamera">
      <UniqueIdentifier>{f08de07f-cd65-4e0c-85a4-be2eeebf48f3}</UniqueIdentifier>
    </Filter>
    <Filter Include="Src\Application\GameObject\Gimmick\SlideDoor">
      <UniqueIdentifier>{f8295e68-07d0-41bc-a5a0-d9920270e808}</UniqueIdentifier>
    </Filter>
    <Filter Include="Src\Framework\Shader\MyShader">
      <UniqueIdentifier>{a46eb129-1793-4466-9099-c9709cd1dd6b}</UniqueIdentifier>
    </Filter>
    <Filter Include="Src\Application\GameObject\Noise">
      <UniqueIdentifier>{f6435aa6-0b9e-4b34-93b0-4748bc023bf9}</UniqueIdentifier>
    </Filter>
    <Filter Include="Src\Application\GameObject\Gimmick\Stone">
      <UniqueIdentifier>{c5a2f59d-93e9-44d7-b0b5-5efaaa82c10c}</UniqueIdentifier>
    </Filter>
    <Filter Include="Src\Application\GameObject\Gimmick\SkeltonTail">
      <UniqueIdentifier>{cca46e04-a1df-4b0e-8735-9da52605b3e1}</UniqueIdentifier>
    </Filter>
    <Filter Include="Src\Application\Scene\ResultScene">
      <UniqueIdentifier>{027ba8a9-b28a-46f7-a908-75c84e417f5a}</UniqueIdentifier>
    </Filter>
    <Filter Include="Src\Application\GameObject\Camera\AnimationCamera">
      <UniqueIdentifier>{04ea9888-8772-4b6f-9364-c7c46494d66d}</UniqueIdentifier>
    </Filter>
    <Filter Include="Src\Application\GameObject\Gimmick\Gate">
      <UniqueIdentifier>{4d36aaf5-3657-4f09-a763-b3773c8ec99d}</UniqueIdentifier>
    </Filter>
    <Filter Include="Src\Application\GameObject\Fade">
      <UniqueIdentifier>{8452dfc8-5767-40f1-94f6-defab935b601}</UniqueIdentifier>
    </Filter>
  </ItemGroup>
  <ItemGroup>
    <ClInclude Include="src\Pch.h">
      <Filter>Src</Filter>
    </ClInclude>
    <ClInclude Include="..\Library\tinygltf\json.hpp">
      <Filter>Library\tinygltf</Filter>
    </ClInclude>
    <ClInclude Include="..\Library\tinygltf\stb_image.h">
      <Filter>Library\tinygltf</Filter>
    </ClInclude>
    <ClInclude Include="..\Library\tinygltf\stb_image_write.h">
      <Filter>Library\tinygltf</Filter>
    </ClInclude>
    <ClInclude Include="..\Library\tinygltf\tiny_gltf.h">
      <Filter>Library\tinygltf</Filter>
    </ClInclude>
    <ClInclude Include="Src\Application\main.h">
      <Filter>Src\Application</Filter>
    </ClInclude>
    <ClInclude Include="src\Framework\Direct3D\KdDirect3D.h">
      <Filter>Src\Framework\Direct3D</Filter>
    </ClInclude>
    <ClInclude Include="src\Framework\Direct3D\KdTexture.h">
      <Filter>Src\Framework\Direct3D</Filter>
    </ClInclude>
    <ClInclude Include="src\Framework\Direct3D\KdBuffer.h">
      <Filter>Src\Framework\Direct3D</Filter>
    </ClInclude>
    <ClInclude Include="Src\Framework\Direct3D\KdGLTFLoader.h">
      <Filter>Src\Framework\Direct3D</Filter>
    </ClInclude>
    <ClInclude Include="Src\Framework\Shader\KdShaderManager.h">
      <Filter>Src\Framework\Shader</Filter>
    </ClInclude>
    <ClInclude Include="Src\Framework\Shader\SpriteShader\KdSpriteShader.h">
      <Filter>Src\Framework\Shader\SpriteShader</Filter>
    </ClInclude>
    <ClInclude Include="src\Framework\Utility\KdUtility.h">
      <Filter>Src\Framework\Utility</Filter>
    </ClInclude>
    <ClInclude Include="src\Framework\KdFramework.h">
      <Filter>Src\Framework</Filter>
    </ClInclude>
    <ClInclude Include="..\Library\strconv.h">
      <Filter>Library</Filter>
    </ClInclude>
    <ClInclude Include="src\Framework\Window\KdWindow.h">
      <Filter>Src\Framework\Window</Filter>
    </ClInclude>
    <ClInclude Include="src\Framework\Direct3D\KdMesh.h">
      <Filter>Src\Framework\Direct3D</Filter>
    </ClInclude>
    <ClInclude Include="Src\Framework\Direct3D\KdModel.h">
      <Filter>Src\Framework\Direct3D</Filter>
    </ClInclude>
    <ClInclude Include="Src\Framework\Math\KdCollision.h">
      <Filter>Src\Framework\Math</Filter>
    </ClInclude>
    <ClInclude Include="Src\Framework\Math\KdAnimation.h">
      <Filter>Src\Framework\Math</Filter>
    </ClInclude>
    <ClInclude Include="Src\Framework\Audio\KdAudio.h">
      <Filter>Src\Framework\Audio</Filter>
    </ClInclude>
    <ClInclude Include="Src\Framework\Direct3D\KdCamera.h">
      <Filter>Src\Framework\Direct3D</Filter>
    </ClInclude>
    <ClInclude Include="Src\Framework\Shader\PostProcessShader\KdPostProcessShader.h">
      <Filter>Src\Framework\Shader\PostProcessShader</Filter>
    </ClInclude>
    <ClInclude Include="Src\Framework\Math\KdCollider.h">
      <Filter>Src\Framework\Math</Filter>
    </ClInclude>
    <ClInclude Include="Src\Framework\Math\KdEasing.h">
      <Filter>Src\Framework\Math</Filter>
    </ClInclude>
    <ClInclude Include="Src\Framework\GameObject\KdGameObject.h">
      <Filter>Src\Framework\GameObject</Filter>
    </ClInclude>
    <ClInclude Include="Src\Framework\GameObject\KdGameObjectFactory.h">
      <Filter>Src\Framework\GameObject</Filter>
    </ClInclude>
    <ClInclude Include="Src\Framework\Input\KdInput.h">
      <Filter>Src\Framework\Input</Filter>
    </ClInclude>
    <ClInclude Include="Src\Framework\Utility\KdCSVData.h">
      <Filter>Src\Framework\Utility</Filter>
    </ClInclude>
    <ClInclude Include="Src\Framework\Direct3D\Polygon\KdPolygon.h">
      <Filter>Src\Framework\Direct3D\Polygon</Filter>
    </ClInclude>
    <ClInclude Include="Src\Framework\Direct3D\Polygon\KdSquarePolygon.h">
      <Filter>Src\Framework\Direct3D\Polygon</Filter>
    </ClInclude>
    <ClInclude Include="Src\Framework\Direct3D\Polygon\KdTrailPolygon.h">
      <Filter>Src\Framework\Direct3D\Polygon</Filter>
    </ClInclude>
    <ClInclude Include="Src\Framework\Direct3D\KdMaterial.h">
      <Filter>Src\Framework\Direct3D</Filter>
    </ClInclude>
    <ClInclude Include="Src\Framework\Utility\KdDataStorage.h">
      <Filter>Src\Framework\Utility</Filter>
    </ClInclude>
    <ClInclude Include="Src\Framework\Shader\KdAmbientController.h">
      <Filter>Src\Framework\Shader</Filter>
    </ClInclude>
    <ClInclude Include="Src\Framework\Math\KdUVAnimation.h">
      <Filter>Src\Framework\Math</Filter>
    </ClInclude>
    <ClInclude Include="Src\Framework\Shader\KdRenderTargetChange.h">
      <Filter>Src\Framework\Shader</Filter>
    </ClInclude>
    <ClInclude Include="Src\Framework\Utility\KdFPSController.h">
      <Filter>Src\Framework\Utility</Filter>
    </ClInclude>
    <ClInclude Include="Src\Framework\Utility\KdDebugWireFrame.h">
      <Filter>Src\Framework\Utility</Filter>
    </ClInclude>
    <ClInclude Include="Src\Framework\Shader\StandardShader\KdStandardShader.h">
      <Filter>Src\Framework\Shader\StandardShader</Filter>
    </ClInclude>
    <ClInclude Include="Src\Framework\Effekseer\KdEffekseerManager.h">
      <Filter>Src\Framework\Effekseer</Filter>
    </ClInclude>
    <ClInclude Include="Src\Application\Scene\SceneManager.h">
      <Filter>Src\Application\Scene</Filter>
    </ClInclude>
    <ClInclude Include="Src\Application\Scene\BaseScene\BaseScene.h">
      <Filter>Src\Application\Scene\BaseScene</Filter>
    </ClInclude>
    <ClInclude Include="Src\Application\Scene\GameScene\GameScene.h">
      <Filter>Src\Application\Scene\GameScene</Filter>
    </ClInclude>
    <ClInclude Include="Src\Application\Scene\TitleScene\TitleScene.h">
      <Filter>Src\Application\Scene\TitleScene</Filter>
    </ClInclude>
    <ClInclude Include="..\Library\imgui\imconfig.h">
      <Filter>Library\imgui</Filter>
    </ClInclude>
    <ClInclude Include="..\Library\imgui\imgui.h">
      <Filter>Library\imgui</Filter>
    </ClInclude>
    <ClInclude Include="..\Library\imgui\imgui_impl_dx11.h">
      <Filter>Library\imgui</Filter>
    </ClInclude>
    <ClInclude Include="..\Library\imgui\imgui_impl_win32.h">
      <Filter>Library\imgui</Filter>
    </ClInclude>
    <ClInclude Include="..\Library\imgui\imgui_internal.h">
      <Filter>Library\imgui</Filter>
    </ClInclude>
    <ClInclude Include="..\Library\imgui\imstb_rectpack.h">
      <Filter>Library\imgui</Filter>
    </ClInclude>
    <ClInclude Include="..\Library\imgui\imstb_textedit.h">
      <Filter>Library\imgui</Filter>
    </ClInclude>
    <ClInclude Include="..\Library\imgui\imstb_truetype.h">
      <Filter>Library\imgui</Filter>
    </ClInclude>
    <ClInclude Include="..\Library\imgui\imgui_stdlib.h">
      <Filter>Library\imgui</Filter>
    </ClInclude>
    <ClInclude Include="..\Library\imgui\ja_glyph_ranges.h">
      <Filter>Library\imgui</Filter>
    </ClInclude>
    <ClInclude Include="Src\Application\GameObject\Camera\CameraBase.h">
      <Filter>Src\Application\GameObject\Camera</Filter>
    </ClInclude>
    <ClInclude Include="Src\Application\GameObject\Camera\TPSCamera\TPSCamera.h">
      <Filter>Src\Application\GameObject\Camera\TPSCamera</Filter>
    </ClInclude>
    <ClInclude Include="Src\Application\GameObject\Camera\FPSCamera\FPSCamera.h">
      <Filter>Src\Application\GameObject\Camera\FPSCamera</Filter>
    </ClInclude>
    <ClInclude Include="Src\Application\GameObject\Terrain\Terrain.h">
      <Filter>Src\Application\GameObject\Terrain</Filter>
    </ClInclude>
    <ClInclude Include="Src\Application\GameObject\Camera\CCTVCamera\CCTVCamera.h">
      <Filter>Src\Application\GameObject\Camera\CCTVCamera</Filter>
    </ClInclude>
    <ClInclude Include="Src\Framework\Utility\KdRandomGenerator.h">
      <Filter>Src\Framework\Utility</Filter>
    </ClInclude>
    <ClInclude Include="Src\Application\GameObject\Dice\BlueDice\BlueDice.h">
      <Filter>Src\Application\GameObject\Dice\BlueDice</Filter>
    </ClInclude>
    <ClInclude Include="Src\Application\GameObject\Dice\RedDice\RedDice.h">
      <Filter>Src\Application\GameObject\Dice\RedDice</Filter>
    </ClInclude>
    <ClInclude Include="Src\Application\GameObject\Cutin\Cutin.h">
      <Filter>Src\Application\GameObject\Cutin</Filter>
    </ClInclude>
    <ClInclude Include="Src\Application\AssetRepository\AssetRepository.h">
      <Filter>Src\Application\AssetRepository</Filter>
    </ClInclude>
    <ClInclude Include="Src\Application\GameObject\Camera\FreeCamera\FreeCamera.h">
      <Filter>Src\Application\GameObject\Camera\FreeCamera</Filter>
    </ClInclude>
    <ClInclude Include="Src\Application\Scene\MapScene\MapScene.h">
      <Filter>Src\Application\Scene\MapScene</Filter>
    </ClInclude>
    <ClInclude Include="Src\Application\Scene\DiceScene\DiceScene.h">
      <Filter>Src\Application\Scene\DiceScene</Filter>
    </ClInclude>
    <ClInclude Include="Src\Application\GameObject\Dice\DiceBase\DiceBase.h">
      <Filter>Src\Application\GameObject\Dice\DiceBase</Filter>
    </ClInclude>
    <ClInclude Include="Src\Application\GameObject\Dice\DiceManager.h">
      <Filter>Src\Application\GameObject\Dice</Filter>
    </ClInclude>
    <ClInclude Include="Src\Application\GameObject\Gimmick\Relief\Relief.h">
      <Filter>Src\Application\GameObject\Gimmick\Relief</Filter>
    </ClInclude>
    <ClInclude Include="Src\Application\GameObject\Gimmick\BaseGimmick\BaseGimmick.h">
      <Filter>Src\Application\GameObject\Gimmick\BaseGimmick</Filter>
    </ClInclude>
    <ClInclude Include="Src\Application\GameObject\Information\Information.h">
      <Filter>Src\Application\GameObject\Information</Filter>
    </ClInclude>
    <ClInclude Include="Src\Application\Scene\GimmickScene\GimmickScene.h">
      <Filter>Src\Application\Scene\GimmickScene</Filter>
    </ClInclude>
    <ClInclude Include="Src\Application\GameObject\Gimmick\Nidle\Nidle.h">
      <Filter>Src\Application\GameObject\Gimmick\Nidle</Filter>
    </ClInclude>
    <ClInclude Include="Src\Application\GameObject\Enemy\Megaro\Megaro.h">
      <Filter>Src\Application\GameObject\Enemy\Megaro</Filter>
    </ClInclude>
    <ClInclude Include="Src\Application\GameObject\Enemy\Cal\Cal.h">
      <Filter>Src\Application\GameObject\Enemy\Cal</Filter>
    </ClInclude>
    <ClInclude Include="Src\Application\GameObject\Texture\Texture.h">
      <Filter>Src\Application\GameObject\Texture</Filter>
    </ClInclude>
    <ClInclude Include="Src\Application\Scene\NoiseScene\NoiseScene.h">
      <Filter>Src\Application\Scene\NoiseScene</Filter>
    </ClInclude>
    <ClInclude Include="Src\Application\GameObject\Weapon\Axe\Axe.h">
      <Filter>Src\Application\GameObject\Weapon\Axe</Filter>
    </ClInclude>
    <ClInclude Include="Src\Application\GameObject\Weapon\WeaponBase.h">
      <Filter>Src\Application\GameObject\Weapon\WeaponBase</Filter>
    </ClInclude>
    <ClInclude Include="Src\Application\GameObject\Character\Player\Character.h">
      <Filter>Src\Application\GameObject\Character\Player</Filter>
    </ClInclude>
    <ClInclude Include="Src\Application\GameObject\Character\CharacterBase\CharacterBase.h">
      <Filter>Src\Application\GameObject\Character\CharacterBase</Filter>
    </ClInclude>
    <ClInclude Include="Src\Application\GameObject\Gimmick\FallPillar\FallPillar.h">
      <Filter>Src\Application\GameObject\Gimmick\FallPillar</Filter>
    </ClInclude>
    <ClInclude Include="Src\Application\GameObject\Gimmick\RotateBridge\RotateBridge.h">
      <Filter>Src\Application\GameObject\Gimmick\RotateBridge</Filter>
    </ClInclude>
    <ClInclude Include="Src\Application\GameObject\Gimmick\Wall\Wall.h">
      <Filter>Src\Application\GameObject\Gimmick\Wall</Filter>
    </ClInclude>
    <ClInclude Include="Src\Application\GameObject\Gimmick\BreakWall\BreakWall.h">
      <Filter>Src\Application\GameObject\Gimmick\BreakWall</Filter>
    </ClInclude>
    <ClInclude Include="Src\Application\GameObject\Gimmick\ArrowBox\ArrowBox.h">
      <Filter>Src\Application\GameObject\Gimmick\ArrowBox</Filter>
    </ClInclude>
    <ClInclude Include="Src\Application\GameObject\Weapon\Arrow\Arrow.h">
      <Filter>Src\Application\GameObject\Weapon\Arrow</Filter>
    </ClInclude>
    <ClInclude Include="Src\Application\GameObject\Gimmick\PitFall\PitFall.h">
      <Filter>Src\Application\GameObject\Gimmick\PitFall</Filter>
    </ClInclude>
    <ClInclude Include="Src\Application\GameObject\Camera\TrackingCamera\TrackingCamera.h">
      <Filter>Src\Application\GameObject\Camera\TrackingCamera</Filter>
    </ClInclude>
    <ClInclude Include="Src\Application\GameObject\Gimmick\SlideDoor\SlideDoor.h">
      <Filter>Src\Application\GameObject\Gimmick\SlideDoor</Filter>
    </ClInclude>
    <ClInclude Include="Src\Framework\Shader\MyShader\KdMyShader.h">
      <Filter>Src\Framework\Shader\MyShader</Filter>
    </ClInclude>
    <ClInclude Include="Src\Application\GameObject\Noise\Noise.h">
      <Filter>Src\Application\GameObject\Noise</Filter>
    </ClInclude>
    <ClInclude Include="Src\Application\GameObject\Gimmick\Stone\Stone.h">
      <Filter>Src\Application\GameObject\Gimmick\Stone</Filter>
    </ClInclude>
    <ClInclude Include="Src\Application\GameObject\Camera\AnimationCamera\AnimationCamera.h">
      <Filter>Src\Application\GameObject\Camera\AnimationCamera</Filter>
    </ClInclude>
    <ClInclude Include="Src\Application\GameObject\Gimmick\Gate\Gate.h">
      <Filter>Src\Application\GameObject\Gimmick\Gate</Filter>
    </ClInclude>
    <ClInclude Include="Src\Application\Scene\ResultScene\ResultScene.h">
      <Filter>Src\Application\Scene\ResultScene</Filter>
    </ClInclude>
    <ClInclude Include="Src\Application\GameObject\Fade\Fade.h">
      <Filter>Src\Application\GameObject\Fade</Filter>
    </ClInclude>
  </ItemGroup>
  <ItemGroup>
    <ClCompile Include="src\Pch.cpp">
      <Filter>Src</Filter>
    </ClCompile>
    <ClCompile Include="Src\Application\main.cpp">
      <Filter>Src\Application</Filter>
    </ClCompile>
    <ClCompile Include="src\Framework\Direct3D\KdDirect3D.cpp">
      <Filter>Src\Framework\Direct3D</Filter>
    </ClCompile>
    <ClCompile Include="src\Framework\Direct3D\KdTexture.cpp">
      <Filter>Src\Framework\Direct3D</Filter>
    </ClCompile>
    <ClCompile Include="src\Framework\Direct3D\KdBuffer.cpp">
      <Filter>Src\Framework\Direct3D</Filter>
    </ClCompile>
    <ClCompile Include="Src\Framework\Direct3D\KdGLTFLoader.cpp">
      <Filter>Src\Framework\Direct3D</Filter>
    </ClCompile>
    <ClCompile Include="Src\Framework\Shader\KdShaderManager.cpp">
      <Filter>Src\Framework\Shader</Filter>
    </ClCompile>
    <ClCompile Include="Src\Framework\Shader\SpriteShader\KdSpriteShader.cpp">
      <Filter>Src\Framework\Shader\SpriteShader</Filter>
    </ClCompile>
    <ClCompile Include="src\Framework\Window\KdWindow.cpp">
      <Filter>Src\Framework\Window</Filter>
    </ClCompile>
    <ClCompile Include="Src\Framework\Utility\KdUtility.cpp">
      <Filter>Src\Framework\Utility</Filter>
    </ClCompile>
    <ClCompile Include="src\Framework\Direct3D\KdMesh.cpp">
      <Filter>Src\Framework\Direct3D</Filter>
    </ClCompile>
    <ClCompile Include="Src\Framework\Direct3D\KdModel.cpp">
      <Filter>Src\Framework\Direct3D</Filter>
    </ClCompile>
    <ClCompile Include="Src\Framework\Math\KdCollision.cpp">
      <Filter>Src\Framework\Math</Filter>
    </ClCompile>
    <ClCompile Include="Src\Framework\Math\KdAnimation.cpp">
      <Filter>Src\Framework\Math</Filter>
    </ClCompile>
    <ClCompile Include="Src\Framework\Audio\KdAudio.cpp">
      <Filter>Src\Framework\Audio</Filter>
    </ClCompile>
    <ClCompile Include="Src\Framework\Direct3D\KdCamera.cpp">
      <Filter>Src\Framework\Direct3D</Filter>
    </ClCompile>
    <ClCompile Include="Src\Framework\Shader\PostProcessShader\KdPostProcessShader.cpp">
      <Filter>Src\Framework\Shader\PostProcessShader</Filter>
    </ClCompile>
    <ClCompile Include="Src\Framework\Math\KdCollider.cpp">
      <Filter>Src\Framework\Math</Filter>
    </ClCompile>
    <ClCompile Include="Src\Framework\Math\KdEasing.cpp">
      <Filter>Src\Framework\Math</Filter>
    </ClCompile>
    <ClCompile Include="Src\Framework\GameObject\KdGameObject.cpp">
      <Filter>Src\Framework\GameObject</Filter>
    </ClCompile>
    <ClCompile Include="Src\Framework\GameObject\KdGameObjectFactory.cpp">
      <Filter>Src\Framework\GameObject</Filter>
    </ClCompile>
    <ClCompile Include="Src\Framework\Input\KdInput.cpp">
      <Filter>Src\Framework\Input</Filter>
    </ClCompile>
    <ClCompile Include="Src\Framework\Utility\KdCSVData.cpp">
      <Filter>Src\Framework\Utility</Filter>
    </ClCompile>
    <ClCompile Include="Src\Framework\Direct3D\Polygon\KdSquarePolygon.cpp">
      <Filter>Src\Framework\Direct3D\Polygon</Filter>
    </ClCompile>
    <ClCompile Include="Src\Framework\Direct3D\Polygon\KdTrailPolygon.cpp">
      <Filter>Src\Framework\Direct3D\Polygon</Filter>
    </ClCompile>
    <ClCompile Include="Src\Framework\Direct3D\KdMaterial.cpp">
      <Filter>Src\Framework\Direct3D</Filter>
    </ClCompile>
    <ClCompile Include="Src\Framework\Direct3D\Polygon\KdPolygon.cpp">
      <Filter>Src\Framework\Direct3D\Polygon</Filter>
    </ClCompile>
    <ClCompile Include="Src\Framework\Shader\KdAmbientController.cpp">
      <Filter>Src\Framework\Shader</Filter>
    </ClCompile>
    <ClCompile Include="Src\Framework\Math\KdUVAnimation.cpp">
      <Filter>Src\Framework\Math</Filter>
    </ClCompile>
    <ClCompile Include="Src\Framework\Shader\KdRenderTargetChange.cpp">
      <Filter>Src\Framework\Shader</Filter>
    </ClCompile>
    <ClCompile Include="Src\Framework\Utility\KdFPSController.cpp">
      <Filter>Src\Framework\Utility</Filter>
    </ClCompile>
    <ClCompile Include="Src\Framework\Utility\KdDebugWireFrame.cpp">
      <Filter>Src\Framework\Utility</Filter>
    </ClCompile>
    <ClCompile Include="Src\Framework\Shader\StandardShader\KdStandardShader.cpp">
      <Filter>Src\Framework\Shader\StandardShader</Filter>
    </ClCompile>
    <ClCompile Include="Src\Framework\Effekseer\KdEffekseerManager.cpp">
      <Filter>Src\Framework\Effekseer</Filter>
    </ClCompile>
    <ClCompile Include="Src\Application\Scene\SceneManager.cpp">
      <Filter>Src\Application\Scene</Filter>
    </ClCompile>
    <ClCompile Include="Src\Application\Scene\BaseScene\BaseScene.cpp">
      <Filter>Src\Application\Scene\BaseScene</Filter>
    </ClCompile>
    <ClCompile Include="Src\Application\Scene\GameScene\GameScene.cpp">
      <Filter>Src\Application\Scene\GameScene</Filter>
    </ClCompile>
    <ClCompile Include="Src\Application\Scene\TitleScene\TitleScene.cpp">
      <Filter>Src\Application\Scene\TitleScene</Filter>
    </ClCompile>
    <ClCompile Include="..\Library\imgui\imgui.cpp">
      <Filter>Library\imgui</Filter>
    </ClCompile>
    <ClCompile Include="..\Library\imgui\imgui_demo.cpp">
      <Filter>Library\imgui</Filter>
    </ClCompile>
    <ClCompile Include="..\Library\imgui\imgui_draw.cpp">
      <Filter>Library\imgui</Filter>
    </ClCompile>
    <ClCompile Include="..\Library\imgui\imgui_impl_dx11.cpp">
      <Filter>Library\imgui</Filter>
    </ClCompile>
    <ClCompile Include="..\Library\imgui\imgui_impl_win32.cpp">
      <Filter>Library\imgui</Filter>
    </ClCompile>
    <ClCompile Include="..\Library\imgui\imgui_tables.cpp">
      <Filter>Library\imgui</Filter>
    </ClCompile>
    <ClCompile Include="..\Library\imgui\imgui_widgets.cpp">
      <Filter>Library\imgui</Filter>
    </ClCompile>
    <ClCompile Include="..\Library\imgui\imgui_stdlib.cpp">
      <Filter>Library\imgui</Filter>
    </ClCompile>
    <ClCompile Include="Src\Application\GameObject\Camera\CameraBase.cpp">
      <Filter>Src\Application\GameObject\Camera</Filter>
    </ClCompile>
    <ClCompile Include="Src\Application\GameObject\Camera\TPSCamera\TPSCamera.cpp">
      <Filter>Src\Application\GameObject\Camera\TPSCamera</Filter>
    </ClCompile>
    <ClCompile Include="Src\Application\GameObject\Camera\FPSCamera\FPSCamera.cpp">
      <Filter>Src\Application\GameObject\Camera\FPSCamera</Filter>
    </ClCompile>
    <ClCompile Include="Src\Application\GameObject\Terrain\Terrain.cpp">
      <Filter>Src\Application\GameObject\Terrain</Filter>
    </ClCompile>
    <ClCompile Include="Src\Application\GameObject\Camera\CCTVCamera\CCTVCamera.cpp">
      <Filter>Src\Application\GameObject\Camera\CCTVCamera</Filter>
    </ClCompile>
    <ClCompile Include="Src\Framework\Utility\KdRandomGenerator.cpp">
      <Filter>Src\Framework\Utility</Filter>
    </ClCompile>
    <ClCompile Include="Src\Application\GameObject\Dice\BlueDice\BlueDice.cpp">
      <Filter>Src\Application\GameObject\Dice\BlueDice</Filter>
    </ClCompile>
    <ClCompile Include="Src\Application\GameObject\Dice\RedDice\RedDice.cpp">
      <Filter>Src\Application\GameObject\Dice\RedDice</Filter>
    </ClCompile>
    <ClCompile Include="Src\Application\GameObject\Cutin\Cutin.cpp">
      <Filter>Src\Application\GameObject\Cutin</Filter>
    </ClCompile>
    <ClCompile Include="Src\Application\AssetRepository\AssetRepository.cpp">
      <Filter>Src\Application\AssetRepository</Filter>
    </ClCompile>
    <ClCompile Include="Src\Application\GameObject\Camera\FreeCamera\FreeCamera.cpp">
      <Filter>Src\Application\GameObject\Camera\FreeCamera</Filter>
    </ClCompile>
    <ClCompile Include="Src\Application\Scene\MapScene\MapScene.cpp">
      <Filter>Src\Application\Scene\MapScene</Filter>
    </ClCompile>
    <ClCompile Include="Src\Application\Scene\DiceScene\DiceScene.cpp">
      <Filter>Src\Application\Scene\DiceScene</Filter>
    </ClCompile>
    <ClCompile Include="Src\Application\GameObject\Dice\DiceBase\DiceBase.cpp">
      <Filter>Src\Application\GameObject\Dice\DiceBase</Filter>
    </ClCompile>
    <ClCompile Include="Src\Application\GameObject\Dice\DiceManager.cpp">
      <Filter>Src\Application\GameObject\Dice</Filter>
    </ClCompile>
    <ClCompile Include="Src\Application\GameObject\Gimmick\Relief\Relief.cpp">
      <Filter>Src\Application\GameObject\Gimmick\Relief</Filter>
    </ClCompile>
    <ClCompile Include="Src\Application\GameObject\Gimmick\BaseGimmick\BaseGimmick.cpp">
      <Filter>Src\Application\GameObject\Gimmick\BaseGimmick</Filter>
    </ClCompile>
    <ClCompile Include="Src\Application\GameObject\Information\Information.cpp">
      <Filter>Src\Application\GameObject\Information</Filter>
    </ClCompile>
    <ClCompile Include="Src\Application\Scene\GimmickScene\GimmickScene.cpp">
      <Filter>Src\Application\Scene\GimmickScene</Filter>
    </ClCompile>
    <ClCompile Include="Src\Application\GameObject\Gimmick\Nidle\Nidle.cpp">
      <Filter>Src\Application\GameObject\Gimmick\Nidle</Filter>
    </ClCompile>
    <ClCompile Include="Src\Application\GameObject\Enemy\Megaro\Megaro.cpp">
      <Filter>Src\Application\GameObject\Enemy\Megaro</Filter>
    </ClCompile>
    <ClCompile Include="Src\Application\GameObject\Enemy\Cal\Cal.cpp">
      <Filter>Src\Application\GameObject\Enemy\Cal</Filter>
    </ClCompile>
    <ClCompile Include="Src\Application\GameObject\Texture\Texture.cpp">
      <Filter>Src\Application\GameObject\Texture</Filter>
    </ClCompile>
    <ClCompile Include="Src\Application\Scene\NoiseScene\NoiseScene.cpp">
      <Filter>Src\Application\Scene\NoiseScene</Filter>
    </ClCompile>
    <ClCompile Include="Src\Application\GameObject\Weapon\Axe\Axe.cpp">
      <Filter>Src\Application\GameObject\Weapon\Axe</Filter>
    </ClCompile>
    <ClCompile Include="Src\Application\GameObject\Weapon\WeaponBase.cpp">
      <Filter>Src\Application\GameObject\Weapon\WeaponBase</Filter>
    </ClCompile>
    <ClCompile Include="Src\Application\GameObject\Character\Player\Character.cpp">
      <Filter>Src\Application\GameObject\Character\Player</Filter>
    </ClCompile>
    <ClCompile Include="Src\Application\GameObject\Character\CharacterBase\CharacterBase.cpp">
      <Filter>Src\Application\GameObject\Character\CharacterBase</Filter>
    </ClCompile>
    <ClCompile Include="Src\Application\GameObject\Gimmick\FallPillar\Fallpillar.cpp">
      <Filter>Src\Application\GameObject\Gimmick\FallPillar</Filter>
    </ClCompile>
    <ClCompile Include="Src\Application\GameObject\Gimmick\RotateBridge\RotateBridge.cpp">
      <Filter>Src\Application\GameObject\Gimmick\RotateBridge</Filter>
    </ClCompile>
    <ClCompile Include="Src\Application\GameObject\Gimmick\Wall\Wall.cpp">
      <Filter>Src\Application\GameObject\Gimmick\Wall</Filter>
    </ClCompile>
    <ClCompile Include="Src\Application\GameObject\Gimmick\BreakWall\BreakWall.cpp">
      <Filter>Src\Application\GameObject\Gimmick\BreakWall</Filter>
    </ClCompile>
    <ClCompile Include="Src\Application\GameObject\Gimmick\ArrowBox\ArrowBox.cpp">
      <Filter>Src\Application\GameObject\Gimmick\ArrowBox</Filter>
    </ClCompile>
    <ClCompile Include="Src\Application\GameObject\Weapon\Arrow\Arrow.cpp">
      <Filter>Src\Application\GameObject\Weapon\Arrow</Filter>
    </ClCompile>
    <ClCompile Include="Src\Application\GameObject\Gimmick\PitFall\PitFall.cpp">
      <Filter>Src\Application\GameObject\Gimmick\PitFall</Filter>
    </ClCompile>
    <ClCompile Include="Src\Application\GameObject\Camera\TrackingCamera\TrackingCamera.cpp">
      <Filter>Src\Application\GameObject\Camera\TrackingCamera</Filter>
    </ClCompile>
    <ClCompile Include="Src\Application\GameObject\Gimmick\SlideDoor\SlideDoor.cpp">
      <Filter>Src\Application\GameObject\Gimmick\SlideDoor</Filter>
    </ClCompile>
    <ClCompile Include="Src\Framework\Shader\MyShader\KdMyShader.cpp">
      <Filter>Src\Framework\Shader\MyShader</Filter>
    </ClCompile>
    <ClCompile Include="Src\Application\GameObject\Noise\Noise.cpp">
      <Filter>Src\Application\GameObject\Noise</Filter>
    </ClCompile>
    <ClCompile Include="Src\Application\GameObject\Gimmick\Stone\Stone.cpp">
      <Filter>Src\Application\GameObject\Gimmick\Stone</Filter>
    </ClCompile>
    <ClCompile Include="Src\Application\GameObject\Camera\AnimationCamera\AnimationCamera.cpp">
      <Filter>Src\Application\GameObject\Camera\AnimationCamera</Filter>
    </ClCompile>
    <ClCompile Include="Src\Application\GameObject\Gimmick\Gate\Gate.cpp">
      <Filter>Src\Application\GameObject\Gimmick\Gate</Filter>
    </ClCompile>
    <ClCompile Include="Src\Application\Scene\ResultScene\ResultScene.cpp">
      <Filter>Src\Application\Scene\ResultScene</Filter>
    </ClCompile>
    <ClCompile Include="Src\Application\GameObject\Fade\Fade.cpp">
      <Filter>Src\Application\GameObject\Fade</Filter>
    </ClCompile>
  </ItemGroup>
  <ItemGroup>
    <None Include="Src\Framework\Shader\inc_KdCommon.hlsli">
      <Filter>Src\Framework\Shader</Filter>
    </None>
    <None Include="Src\Framework\Shader\SpriteShader\inc_KdSpriteShader.hlsli">
      <Filter>Src\Framework\Shader\SpriteShader</Filter>
    </None>
    <None Include="Src\Framework\Shader\PostProcessShader\inc_KdPostProcessShader.hlsli">
      <Filter>Src\Framework\Shader\PostProcessShader</Filter>
    </None>
    <None Include="Src\Framework\Shader\StandardShader\inc_KdStandardShader.hlsli">
      <Filter>Src\Framework\Shader\StandardShader</Filter>
    </None>
    <None Include="Src\Framework\Shader\MyShader\inc_KdMyShader.hlsli">
      <Filter>Src\Framework\Shader\MyShader</Filter>
    </None>
  </ItemGroup>
  <ItemGroup>
    <FxCompile Include="Src\Framework\Shader\SpriteShader\KdSpriteShader_PS.hlsl">
      <Filter>Src\Framework\Shader\SpriteShader</Filter>
    </FxCompile>
    <FxCompile Include="Src\Framework\Shader\SpriteShader\KdSpriteShader_VS.hlsl">
      <Filter>Src\Framework\Shader\SpriteShader</Filter>
    </FxCompile>
    <FxCompile Include="Src\Framework\Shader\PostProcessShader\KdPostProcessShader_PS_Blur.hlsl">
      <Filter>Src\Framework\Shader\PostProcessShader</Filter>
    </FxCompile>
    <FxCompile Include="Src\Framework\Shader\PostProcessShader\KdPostProcessShader_VS.hlsl">
      <Filter>Src\Framework\Shader\PostProcessShader</Filter>
    </FxCompile>
    <FxCompile Include="Src\Framework\Shader\PostProcessShader\KdPostProcessShader_PS_DoF.hlsl">
      <Filter>Src\Framework\Shader\PostProcessShader</Filter>
    </FxCompile>
    <FxCompile Include="Src\Framework\Shader\PostProcessShader\KdPostProcessShader_PS_Bright.hlsl">
      <Filter>Src\Framework\Shader\PostProcessShader</Filter>
    </FxCompile>
    <FxCompile Include="Src\Framework\Shader\StandardShader\KdStandardShader_PS_GenDepthMapFromLight.hlsl">
      <Filter>Src\Framework\Shader\StandardShader</Filter>
    </FxCompile>
    <FxCompile Include="Src\Framework\Shader\StandardShader\KdStandardShader_PS_Lit.hlsl">
      <Filter>Src\Framework\Shader\StandardShader</Filter>
    </FxCompile>
    <FxCompile Include="Src\Framework\Shader\StandardShader\KdStandardShader_PS_UnLit.hlsl">
      <Filter>Src\Framework\Shader\StandardShader</Filter>
    </FxCompile>
    <FxCompile Include="Src\Framework\Shader\StandardShader\KdStandardShader_VS_GenDepthMapFromLight.hlsl">
      <Filter>Src\Framework\Shader\StandardShader</Filter>
    </FxCompile>
    <FxCompile Include="Src\Framework\Shader\StandardShader\KdStandardShader_VS_Lit.hlsl">
      <Filter>Src\Framework\Shader\StandardShader</Filter>
    </FxCompile>
    <FxCompile Include="Src\Framework\Shader\StandardShader\KdStandardShader_VS_UnLit.hlsl">
      <Filter>Src\Framework\Shader\StandardShader</Filter>
    </FxCompile>
    <FxCompile Include="Src\Framework\Shader\MyShader\KdMyShader_PS_Lit.hlsl">
      <Filter>Src\Framework\Shader\MyShader</Filter>
    </FxCompile>
    <FxCompile Include="Src\Framework\Shader\MyShader\KdMyShader_PS_UnLit.hlsl">
      <Filter>Src\Framework\Shader\MyShader</Filter>
    </FxCompile>
    <FxCompile Include="Src\Framework\Shader\MyShader\KdMyShader_VS_UnLit.hlsl">
      <Filter>Src\Framework\Shader\MyShader</Filter>
    </FxCompile>
    <FxCompile Include="Src\Framework\Shader\MyShader\KdMyShader_VS_Lit.hlsl">
      <Filter>Src\Framework\Shader\MyShader</Filter>
    </FxCompile>
    <FxCompile Include="Src\Framework\Shader\MyShader\KdMyShader_PS_GenDepthMapFromLight.hlsl">
      <Filter>Src\Framework\Shader\MyShader</Filter>
    </FxCompile>
    <FxCompile Include="Src\Framework\Shader\MyShader\KdMyShader_VS_GenDepthMapFromLight.hlsl">
      <Filter>Src\Framework\Shader\MyShader</Filter>
    </FxCompile>
  </ItemGroup>
</Project>